
Microsoft Visual Studio Solution File, Format Version 12.00
# Visual Studio Version 17
VisualStudioVersion = 17.13.35825.156 d17.13
MinimumVisualStudioVersion = 10.0.40219.1
Project("{FAE04EC0-301F-11D3-BF4B-00C04F79EFBC}") = "BirthdayAppExtended", "BirthdayAppExtended\BirthdayAppExtended.csproj", "{7088810C-1384-486D-B695-9F00CF6C3C0A}"
EndProject
Global
	GlobalSection(SolutionConfigurationPlatforms) = preSolution
		Debug|Any CPU = Debug|Any CPU
		Release|Any CPU = Release|Any CPU
	EndGlobalSection
	GlobalSection(ProjectConfigurationPlatforms) = postSolution
		{7088810C-1384-486D-B695-9F00CF6C3C0A}.Debug|Any CPU.ActiveCfg = Debug|Any CPU
		{7088810C-1384-486D-B695-9F00CF6C3C0A}.Debug|Any CPU.Build.0 = Debug|Any CPU
		{7088810C-1384-486D-B695-9F00CF6C3C0A}.Release|Any CPU.ActiveCfg = Release|Any CPU
		{7088810C-1384-486D-B695-9F00CF6C3C0A}.Release|Any CPU.Build.0 = Release|Any CPU
	EndGlobalSection
	GlobalSection(SolutionProperties) = preSolution
		HideSolutionNode = FALSE
	EndGlobalSection
	GlobalSection(ExtensibilityGlobals) = postSolution
		SolutionGuid = {511AC8AB-7612-4F22-8480-35D7A5292463}
	EndGlobalSection
EndGlobal
